{
  "pins" : [
    {
      "identity" : "deepdiff",
      "kind" : "remoteSourceControl",
      "location" : "https://github.com/onmyway133/DeepDiff.git",
      "state" : {
        "revision" : "2639b3a11054d666a4c5ec1b7dd2808e437f3289",
        "version" : "2.3.3"
      }
    },
    {
      "identity" : "snapkit",
      "kind" : "remoteSourceControl",
      "location" : "https://github.com/SnapKit/SnapKit.git",
      "state" : {
        "revision" : "f222cbdf325885926566172f6f5f06af95473158",
        "version" : "5.6.0"
      }
    }
  ],
  "version" : 2
}
